// !$*UTF8*$!
{
	archiveVersion = 1;
	classes = {
	};
	objectVersion = 46;
	objects = {

/* Begin PBXBuildFile section */
		88D5CAC21604E78800B7CBD7 /* NSArray+FKBinarySearch.m in Sources */ = {isa = PBXBuildFile; fileRef = 88D5CAC11604E78800B7CBD7 /* NSArray+FKBinarySearch.m */; };
		88D5CAC61604E7D500B7CBD7 /* NSArray+FKBinarySearchTests.mm in Sources */ = {isa = PBXBuildFile; fileRef = 88D5CAC51604E7D500B7CBD7 /* NSArray+FKBinarySearchTests.mm */; };
		A43AA7B016FA0D2100912B00 /* UIActionSheet+FKBlocks.m in Sources */ = {isa = PBXBuildFile; fileRef = A43AA7AF16FA0D2100912B00 /* UIActionSheet+FKBlocks.m */; };
		A44435F91A0A1EC300E9F447 /* XCTest.framework in Frameworks */ = {isa = PBXBuildFile; fileRef = A44435F81A0A1EC300E9F447 /* XCTest.framework */; };
		A459A97C1631573900D88254 /* NSString+FKPhoneNumbers.m in Sources */ = {isa = PBXBuildFile; fileRef = A459A97B1631573900D88254 /* NSString+FKPhoneNumbers.m */; };
		A459A980163159C500D88254 /* NSString+FKPhoneNumbersTests.m in Sources */ = {isa = PBXBuildFile; fileRef = A459A97F163159C500D88254 /* NSString+FKPhoneNumbersTests.m */; };
		A4A7C0781701E27F008A40FA /* UIView+FKKeyboard.m in Sources */ = {isa = PBXBuildFile; fileRef = A4A7C0771701E27F008A40FA /* UIView+FKKeyboard.m */; };
		A4D041C517A12F1000AE9FDE /* AddressBook.framework in Frameworks */ = {isa = PBXBuildFile; fileRef = A4D041C417A12F1000AE9FDE /* AddressBook.framework */; };
		A4D041C717A12F1500AE9FDE /* MapKit.framework in Frameworks */ = {isa = PBXBuildFile; fileRef = A4D041C617A12F1400AE9FDE /* MapKit.framework */; };
		A4D041C817A12F3700AE9FDE /* AddressBook.framework in Frameworks */ = {isa = PBXBuildFile; fileRef = A4D041C417A12F1000AE9FDE /* AddressBook.framework */; };
		A4D041C917A12F3B00AE9FDE /* MapKit.framework in Frameworks */ = {isa = PBXBuildFile; fileRef = A4D041C617A12F1400AE9FDE /* MapKit.framework */; };
		A4D4435B17A26B8F00F3DF5D /* FKDigitSpinnerView.m in Sources */ = {isa = PBXBuildFile; fileRef = A4D4435217A26B8F00F3DF5D /* FKDigitSpinnerView.m */; };
		A4D4435C17A26B8F00F3DF5D /* FKNumberSpinnerView.m in Sources */ = {isa = PBXBuildFile; fileRef = A4D4435417A26B8F00F3DF5D /* FKNumberSpinnerView.m */; };
		A4D4435D17A26B8F00F3DF5D /* UIApplication+FKFileSystemPaths.m in Sources */ = {isa = PBXBuildFile; fileRef = A4D4435617A26B8F00F3DF5D /* UIApplication+FKFileSystemPaths.m */; };
		A4D4435E17A26B8F00F3DF5D /* UIView+FKGeometry.m in Sources */ = {isa = PBXBuildFile; fileRef = A4D4435817A26B8F00F3DF5D /* UIView+FKGeometry.m */; };
		A4D4435F17A26B8F00F3DF5D /* UIViewController+FKSplashScreenAnimation.m in Sources */ = {isa = PBXBuildFile; fileRef = A4D4435A17A26B8F00F3DF5D /* UIViewController+FKSplashScreenAnimation.m */; };
		A4EA32E01679FF0300332885 /* FKThirdPartyApps.m in Sources */ = {isa = PBXBuildFile; fileRef = A4EA32DF1679FF0300332885 /* FKThirdPartyApps.m */; };
		AD255DDE16034978007CEDDB /* Foundation.framework in Frameworks */ = {isa = PBXBuildFile; fileRef = AD255DA7160348DC007CEDDB /* Foundation.framework */; };
		AD255DED16034978007CEDDB /* UIKit.framework in Frameworks */ = {isa = PBXBuildFile; fileRef = AD255DA5160348DC007CEDDB /* UIKit.framework */; };
		AD255DEE16034978007CEDDB /* Foundation.framework in Frameworks */ = {isa = PBXBuildFile; fileRef = AD255DA7160348DC007CEDDB /* Foundation.framework */; };
		AD255DF116034978007CEDDB /* libFutility.a in Frameworks */ = {isa = PBXBuildFile; fileRef = AD255DDD16034978007CEDDB /* libFutility.a */; };
		AD255DF716034978007CEDDB /* InfoPlist.strings in Resources */ = {isa = PBXBuildFile; fileRef = AD255DF516034978007CEDDB /* InfoPlist.strings */; };
		AD255DFA16034978007CEDDB /* FutilityTests.m in Sources */ = {isa = PBXBuildFile; fileRef = AD255DF916034978007CEDDB /* FutilityTests.m */; };
		AD255E0A160349FE007CEDDB /* DeviceCapabilities.m in Sources */ = {isa = PBXBuildFile; fileRef = AD255E04160349FE007CEDDB /* DeviceCapabilities.m */; };
		AD255E0C160349FE007CEDDB /* UIAlertView+FKBlocks.m in Sources */ = {isa = PBXBuildFile; fileRef = AD255E09160349FE007CEDDB /* UIAlertView+FKBlocks.m */; };
		AD255E0F16035F20007CEDDB /* FKCollectionExtensionsTests.m in Sources */ = {isa = PBXBuildFile; fileRef = AD255E0E16035F20007CEDDB /* FKCollectionExtensionsTests.m */; };
		AD84ACF91603775500AC4B7A /* CoreGraphics.framework in Frameworks */ = {isa = PBXBuildFile; fileRef = AD255DA9160348DC007CEDDB /* CoreGraphics.framework */; };
		C9F0FC3416E9FEDB0059531C /* FKCollectionsExtensions.m in Sources */ = {isa = PBXBuildFile; fileRef = C9F0FC3316E9FEDB0059531C /* FKCollectionsExtensions.m */; };
/* End PBXBuildFile section */

/* Begin PBXContainerItemProxy section */
		AD255DEF16034978007CEDDB /* PBXContainerItemProxy */ = {
			isa = PBXContainerItemProxy;
			containerPortal = AD255D98160348DC007CEDDB /* Project object */;
			proxyType = 1;
			remoteGlobalIDString = AD255DDC16034978007CEDDB;
			remoteInfo = Futility;
		};
/* End PBXContainerItemProxy section */

/* Begin PBXCopyFilesBuildPhase section */
		AD255DDB16034978007CEDDB /* CopyFiles */ = {
			isa = PBXCopyFilesBuildPhase;
			buildActionMask = 2147483647;
			dstPath = "include/${PRODUCT_NAME}";
			dstSubfolderSpec = 16;
			files = (
			);
			runOnlyForDeploymentPostprocessing = 0;
		};
/* End PBXCopyFilesBuildPhase section */

/* Begin PBXFileReference section */
		88D5CAC01604E78800B7CBD7 /* NSArray+FKBinarySearch.h */ = {isa = PBXFileReference; fileEncoding = 4; lastKnownFileType = sourcecode.c.h; path = "NSArray+FKBinarySearch.h"; sourceTree = "<group>"; };
		88D5CAC11604E78800B7CBD7 /* NSArray+FKBinarySearch.m */ = {isa = PBXFileReference; fileEncoding = 4; lastKnownFileType = sourcecode.c.objc; path = "NSArray+FKBinarySearch.m"; sourceTree = "<group>"; };
		88D5CAC51604E7D500B7CBD7 /* NSArray+FKBinarySearchTests.mm */ = {isa = PBXFileReference; fileEncoding = 4; lastKnownFileType = sourcecode.cpp.objcpp; path = "NSArray+FKBinarySearchTests.mm"; sourceTree = "<group>"; };
		A43AA7AE16FA0D2100912B00 /* UIActionSheet+FKBlocks.h */ = {isa = PBXFileReference; fileEncoding = 4; lastKnownFileType = sourcecode.c.h; path = "UIActionSheet+FKBlocks.h"; sourceTree = "<group>"; };
		A43AA7AF16FA0D2100912B00 /* UIActionSheet+FKBlocks.m */ = {isa = PBXFileReference; fileEncoding = 4; lastKnownFileType = sourcecode.c.objc; path = "UIActionSheet+FKBlocks.m"; sourceTree = "<group>"; };
		A44435F81A0A1EC300E9F447 /* XCTest.framework */ = {isa = PBXFileReference; lastKnownFileType = wrapper.framework; name = XCTest.framework; path = Platforms/iPhoneOS.platform/Developer/Library/Frameworks/XCTest.framework; sourceTree = DEVELOPER_DIR; };
		A459A97A1631573900D88254 /* NSString+FKPhoneNumbers.h */ = {isa = PBXFileReference; fileEncoding = 4; lastKnownFileType = sourcecode.c.h; path = "NSString+FKPhoneNumbers.h"; sourceTree = "<group>"; };
		A459A97B1631573900D88254 /* NSString+FKPhoneNumbers.m */ = {isa = PBXFileReference; fileEncoding = 4; lastKnownFileType = sourcecode.c.objc; path = "NSString+FKPhoneNumbers.m"; sourceTree = "<group>"; };
		A459A97F163159C500D88254 /* NSString+FKPhoneNumbersTests.m */ = {isa = PBXFileReference; fileEncoding = 4; lastKnownFileType = sourcecode.c.objc; path = "NSString+FKPhoneNumbersTests.m"; sourceTree = "<group>"; };
		A4A7C0761701E27F008A40FA /* UIView+FKKeyboard.h */ = {isa = PBXFileReference; fileEncoding = 4; lastKnownFileType = sourcecode.c.h; path = "UIView+FKKeyboard.h"; sourceTree = "<group>"; };
		A4A7C0771701E27F008A40FA /* UIView+FKKeyboard.m */ = {isa = PBXFileReference; fileEncoding = 4; lastKnownFileType = sourcecode.c.objc; path = "UIView+FKKeyboard.m"; sourceTree = "<group>"; };
		A4D041C417A12F1000AE9FDE /* AddressBook.framework */ = {isa = PBXFileReference; lastKnownFileType = wrapper.framework; name = AddressBook.framework; path = System/Library/Frameworks/AddressBook.framework; sourceTree = SDKROOT; };
		A4D041C617A12F1400AE9FDE /* MapKit.framework */ = {isa = PBXFileReference; lastKnownFileType = wrapper.framework; name = MapKit.framework; path = System/Library/Frameworks/MapKit.framework; sourceTree = SDKROOT; };
		A4D4435117A26B8F00F3DF5D /* FKDigitSpinnerView.h */ = {isa = PBXFileReference; fileEncoding = 4; lastKnownFileType = sourcecode.c.h; path = FKDigitSpinnerView.h; sourceTree = "<group>"; };
		A4D4435217A26B8F00F3DF5D /* FKDigitSpinnerView.m */ = {isa = PBXFileReference; fileEncoding = 4; lastKnownFileType = sourcecode.c.objc; path = FKDigitSpinnerView.m; sourceTree = "<group>"; };
		A4D4435317A26B8F00F3DF5D /* FKNumberSpinnerView.h */ = {isa = PBXFileReference; fileEncoding = 4; lastKnownFileType = sourcecode.c.h; path = FKNumberSpinnerView.h; sourceTree = "<group>"; };
		A4D4435417A26B8F00F3DF5D /* FKNumberSpinnerView.m */ = {isa = PBXFileReference; fileEncoding = 4; lastKnownFileType = sourcecode.c.objc; path = FKNumberSpinnerView.m; sourceTree = "<group>"; };
		A4D4435517A26B8F00F3DF5D /* UIApplication+FKFileSystemPaths.h */ = {isa = PBXFileReference; fileEncoding = 4; lastKnownFileType = sourcecode.c.h; path = "UIApplication+FKFileSystemPaths.h"; sourceTree = "<group>"; };
		A4D4435617A26B8F00F3DF5D /* UIApplication+FKFileSystemPaths.m */ = {isa = PBXFileReference; fileEncoding = 4; lastKnownFileType = sourcecode.c.objc; path = "UIApplication+FKFileSystemPaths.m"; sourceTree = "<group>"; };
		A4D4435717A26B8F00F3DF5D /* UIView+FKGeometry.h */ = {isa = PBXFileReference; fileEncoding = 4; lastKnownFileType = sourcecode.c.h; path = "UIView+FKGeometry.h"; sourceTree = "<group>"; };
		A4D4435817A26B8F00F3DF5D /* UIView+FKGeometry.m */ = {isa = PBXFileReference; fileEncoding = 4; lastKnownFileType = sourcecode.c.objc; path = "UIView+FKGeometry.m"; sourceTree = "<group>"; };
		A4D4435917A26B8F00F3DF5D /* UIViewController+FKSplashScreenAnimation.h */ = {isa = PBXFileReference; fileEncoding = 4; lastKnownFileType = sourcecode.c.h; path = "UIViewController+FKSplashScreenAnimation.h"; sourceTree = "<group>"; };
		A4D4435A17A26B8F00F3DF5D /* UIViewController+FKSplashScreenAnimation.m */ = {isa = PBXFileReference; fileEncoding = 4; lastKnownFileType = sourcecode.c.objc; path = "UIViewController+FKSplashScreenAnimation.m"; sourceTree = "<group>"; };
		A4EA32DE1679FF0300332885 /* FKThirdPartyApps.h */ = {isa = PBXFileReference; fileEncoding = 4; lastKnownFileType = sourcecode.c.h; name = FKThirdPartyApps.h; path = ../Futility/FKThirdPartyApps.h; sourceTree = "<group>"; };
		A4EA32DF1679FF0300332885 /* FKThirdPartyApps.m */ = {isa = PBXFileReference; fileEncoding = 4; lastKnownFileType = sourcecode.c.objc; name = FKThirdPartyApps.m; path = ../Futility/FKThirdPartyApps.m; sourceTree = "<group>"; };
		AD255DA5160348DC007CEDDB /* UIKit.framework */ = {isa = PBXFileReference; lastKnownFileType = wrapper.framework; name = UIKit.framework; path = System/Library/Frameworks/UIKit.framework; sourceTree = SDKROOT; };
		AD255DA7160348DC007CEDDB /* Foundation.framework */ = {isa = PBXFileReference; lastKnownFileType = wrapper.framework; name = Foundation.framework; path = System/Library/Frameworks/Foundation.framework; sourceTree = SDKROOT; };
		AD255DA9160348DC007CEDDB /* CoreGraphics.framework */ = {isa = PBXFileReference; lastKnownFileType = wrapper.framework; name = CoreGraphics.framework; path = System/Library/Frameworks/CoreGraphics.framework; sourceTree = SDKROOT; };
		AD255DDD16034978007CEDDB /* libFutility.a */ = {isa = PBXFileReference; explicitFileType = archive.ar; includeInIndex = 0; path = libFutility.a; sourceTree = BUILT_PRODUCTS_DIR; };
		AD255DEB16034978007CEDDB /* FutilityTests.xctest */ = {isa = PBXFileReference; explicitFileType = wrapper.cfbundle; includeInIndex = 0; path = FutilityTests.xctest; sourceTree = BUILT_PRODUCTS_DIR; };
		AD255DF416034978007CEDDB /* FutilityTests-Info.plist */ = {isa = PBXFileReference; lastKnownFileType = text.plist.xml; path = "FutilityTests-Info.plist"; sourceTree = "<group>"; };
		AD255DF616034978007CEDDB /* en */ = {isa = PBXFileReference; lastKnownFileType = text.plist.strings; name = en; path = en.lproj/InfoPlist.strings; sourceTree = "<group>"; };
		AD255DF916034978007CEDDB /* FutilityTests.m */ = {isa = PBXFileReference; lastKnownFileType = sourcecode.c.objc; path = FutilityTests.m; sourceTree = "<group>"; };
		AD255E02160349FE007CEDDB /* Colors.h */ = {isa = PBXFileReference; fileEncoding = 4; lastKnownFileType = sourcecode.c.h; name = Colors.h; path = ../Futility/Colors.h; sourceTree = "<group>"; };
		AD255E03160349FE007CEDDB /* DeviceCapabilities.h */ = {isa = PBXFileReference; fileEncoding = 4; lastKnownFileType = sourcecode.c.h; name = DeviceCapabilities.h; path = ../Futility/DeviceCapabilities.h; sourceTree = "<group>"; };
		AD255E04160349FE007CEDDB /* DeviceCapabilities.m */ = {isa = PBXFileReference; fileEncoding = 4; lastKnownFileType = sourcecode.c.objc; name = DeviceCapabilities.m; path = ../Futility/DeviceCapabilities.m; sourceTree = "<group>"; };
		AD255E07160349FE007CEDDB /* OSConditionals.h */ = {isa = PBXFileReference; fileEncoding = 4; lastKnownFileType = sourcecode.c.h; name = OSConditionals.h; path = ../Futility/OSConditionals.h; sourceTree = "<group>"; };
		AD255E08160349FE007CEDDB /* UIAlertView+FKBlocks.h */ = {isa = PBXFileReference; fileEncoding = 4; lastKnownFileType = sourcecode.c.h; path = "UIAlertView+FKBlocks.h"; sourceTree = "<group>"; };
		AD255E09160349FE007CEDDB /* UIAlertView+FKBlocks.m */ = {isa = PBXFileReference; fileEncoding = 4; lastKnownFileType = sourcecode.c.objc; path = "UIAlertView+FKBlocks.m"; sourceTree = "<group>"; };
		AD255E0E16035F20007CEDDB /* FKCollectionExtensionsTests.m */ = {isa = PBXFileReference; fileEncoding = 4; lastKnownFileType = sourcecode.c.objc; path = FKCollectionExtensionsTests.m; sourceTree = "<group>"; };
		C9F0FC3216E9FEDB0059531C /* FKCollectionsExtensions.h */ = {isa = PBXFileReference; fileEncoding = 4; lastKnownFileType = sourcecode.c.h; path = FKCollectionsExtensions.h; sourceTree = "<group>"; };
		C9F0FC3316E9FEDB0059531C /* FKCollectionsExtensions.m */ = {isa = PBXFileReference; fileEncoding = 4; lastKnownFileType = sourcecode.c.objc; path = FKCollectionsExtensions.m; sourceTree = "<group>"; };
/* End PBXFileReference section */

/* Begin PBXFrameworksBuildPhase section */
		AD255DDA16034978007CEDDB /* Frameworks */ = {
			isa = PBXFrameworksBuildPhase;
			buildActionMask = 2147483647;
			files = (
				A4D041C717A12F1500AE9FDE /* MapKit.framework in Frameworks */,
				A4D041C517A12F1000AE9FDE /* AddressBook.framework in Frameworks */,
				AD255DDE16034978007CEDDB /* Foundation.framework in Frameworks */,
			);
			runOnlyForDeploymentPostprocessing = 0;
		};
		AD255DE716034978007CEDDB /* Frameworks */ = {
			isa = PBXFrameworksBuildPhase;
			buildActionMask = 2147483647;
			files = (
				A4D041C917A12F3B00AE9FDE /* MapKit.framework in Frameworks */,
				A4D041C817A12F3700AE9FDE /* AddressBook.framework in Frameworks */,
				AD84ACF91603775500AC4B7A /* CoreGraphics.framework in Frameworks */,
				AD255DED16034978007CEDDB /* UIKit.framework in Frameworks */,
				AD255DEE16034978007CEDDB /* Foundation.framework in Frameworks */,
				A44435F91A0A1EC300E9F447 /* XCTest.framework in Frameworks */,
				AD255DF116034978007CEDDB /* libFutility.a in Frameworks */,
			);
			runOnlyForDeploymentPostprocessing = 0;
		};
/* End PBXFrameworksBuildPhase section */

/* Begin PBXGroup section */
		A4D4436017A2816000F3DF5D /* UIViews */ = {
			isa = PBXGroup;
			children = (
				A4D4435117A26B8F00F3DF5D /* FKDigitSpinnerView.h */,
				A4D4435217A26B8F00F3DF5D /* FKDigitSpinnerView.m */,
				A4D4435317A26B8F00F3DF5D /* FKNumberSpinnerView.h */,
				A4D4435417A26B8F00F3DF5D /* FKNumberSpinnerView.m */,
			);
			name = UIViews;
			sourceTree = "<group>";
		};
		A4D4436117A2817100F3DF5D /* Categories */ = {
			isa = PBXGroup;
			children = (
				A4D4436217A281BD00F3DF5D /* Collections */,
				A4D4436317A281D700F3DF5D /* Strings */,
				A4D4436417A281E400F3DF5D /* Views */,
				A4D4435517A26B8F00F3DF5D /* UIApplication+FKFileSystemPaths.h */,
				A4D4435617A26B8F00F3DF5D /* UIApplication+FKFileSystemPaths.m */,
			);
			name = Categories;
			sourceTree = "<group>";
		};
		A4D4436217A281BD00F3DF5D /* Collections */ = {
			isa = PBXGroup;
			children = (
				C9F0FC3216E9FEDB0059531C /* FKCollectionsExtensions.h */,
				C9F0FC3316E9FEDB0059531C /* FKCollectionsExtensions.m */,
				88D5CAC01604E78800B7CBD7 /* NSArray+FKBinarySearch.h */,
				88D5CAC11604E78800B7CBD7 /* NSArray+FKBinarySearch.m */,
			);
			name = Collections;
			sourceTree = "<group>";
		};
		A4D4436317A281D700F3DF5D /* Strings */ = {
			isa = PBXGroup;
			children = (
				A459A97A1631573900D88254 /* NSString+FKPhoneNumbers.h */,
				A459A97B1631573900D88254 /* NSString+FKPhoneNumbers.m */,
			);
			name = Strings;
			sourceTree = "<group>";
		};
		A4D4436417A281E400F3DF5D /* Views */ = {
			isa = PBXGroup;
			children = (
				A4D4435717A26B8F00F3DF5D /* UIView+FKGeometry.h */,
				A4D4435817A26B8F00F3DF5D /* UIView+FKGeometry.m */,
				A4D4435917A26B8F00F3DF5D /* UIViewController+FKSplashScreenAnimation.h */,
				A4D4435A17A26B8F00F3DF5D /* UIViewController+FKSplashScreenAnimation.m */,
				A4A7C0761701E27F008A40FA /* UIView+FKKeyboard.h */,
				A4A7C0771701E27F008A40FA /* UIView+FKKeyboard.m */,
				AD255E08160349FE007CEDDB /* UIAlertView+FKBlocks.h */,
				AD255E09160349FE007CEDDB /* UIAlertView+FKBlocks.m */,
				A43AA7AE16FA0D2100912B00 /* UIActionSheet+FKBlocks.h */,
				A43AA7AF16FA0D2100912B00 /* UIActionSheet+FKBlocks.m */,
			);
			name = Views;
			sourceTree = "<group>";
		};
		AD255D96160348DC007CEDDB = {
			isa = PBXGroup;
			children = (
				AD255DDF16034978007CEDDB /* Futility */,
				AD255DF216034978007CEDDB /* FutilityTests */,
				AD255DA4160348DC007CEDDB /* Frameworks */,
				AD255DA2160348DC007CEDDB /* Products */,
			);
			sourceTree = "<group>";
		};
		AD255DA2160348DC007CEDDB /* Products */ = {
			isa = PBXGroup;
			children = (
				AD255DDD16034978007CEDDB /* libFutility.a */,
				AD255DEB16034978007CEDDB /* FutilityTests.xctest */,
			);
			name = Products;
			sourceTree = "<group>";
		};
		AD255DA4160348DC007CEDDB /* Frameworks */ = {
			isa = PBXGroup;
			children = (
				A44435F81A0A1EC300E9F447 /* XCTest.framework */,
				A4D041C617A12F1400AE9FDE /* MapKit.framework */,
				A4D041C417A12F1000AE9FDE /* AddressBook.framework */,
				AD255DA5160348DC007CEDDB /* UIKit.framework */,
				AD255DA7160348DC007CEDDB /* Foundation.framework */,
				AD255DA9160348DC007CEDDB /* CoreGraphics.framework */,
			);
			name = Frameworks;
			sourceTree = "<group>";
		};
		AD255DDF16034978007CEDDB /* Futility */ = {
			isa = PBXGroup;
			children = (
				A4D4436117A2817100F3DF5D /* Categories */,
				A4D4436017A2816000F3DF5D /* UIViews */,
				AD255E02160349FE007CEDDB /* Colors.h */,
				AD255E03160349FE007CEDDB /* DeviceCapabilities.h */,
				AD255E04160349FE007CEDDB /* DeviceCapabilities.m */,
				AD255E07160349FE007CEDDB /* OSConditionals.h */,
				A4EA32DE1679FF0300332885 /* FKThirdPartyApps.h */,
				A4EA32DF1679FF0300332885 /* FKThirdPartyApps.m */,
			);
			path = Futility;
			sourceTree = "<group>";
		};
		AD255DF216034978007CEDDB /* FutilityTests */ = {
			isa = PBXGroup;
			children = (
				AD255DF316034978007CEDDB /* Supporting Files */,
				AD255DF916034978007CEDDB /* FutilityTests.m */,
				AD255E0E16035F20007CEDDB /* FKCollectionExtensionsTests.m */,
				88D5CAC51604E7D500B7CBD7 /* NSArray+FKBinarySearchTests.mm */,
				A459A97F163159C500D88254 /* NSString+FKPhoneNumbersTests.m */,
			);
			path = FutilityTests;
			sourceTree = "<group>";
		};
		AD255DF316034978007CEDDB /* Supporting Files */ = {
			isa = PBXGroup;
			children = (
				AD255DF416034978007CEDDB /* FutilityTests-Info.plist */,
				AD255DF516034978007CEDDB /* InfoPlist.strings */,
			);
			name = "Supporting Files";
			sourceTree = "<group>";
		};
/* End PBXGroup section */

/* Begin PBXNativeTarget section */
		AD255DDC16034978007CEDDB /* Futility */ = {
			isa = PBXNativeTarget;
			buildConfigurationList = AD255DFB16034978007CEDDB /* Build configuration list for PBXNativeTarget "Futility" */;
			buildPhases = (
				AD255DD916034978007CEDDB /* Sources */,
				AD255DDA16034978007CEDDB /* Frameworks */,
				AD255DDB16034978007CEDDB /* CopyFiles */,
			);
			buildRules = (
			);
			dependencies = (
			);
			name = Futility;
			productName = Futility;
			productReference = AD255DDD16034978007CEDDB /* libFutility.a */;
			productType = "com.apple.product-type.library.static";
		};
		AD255DEA16034978007CEDDB /* FutilityTests */ = {
			isa = PBXNativeTarget;
			buildConfigurationList = AD255DFE16034978007CEDDB /* Build configuration list for PBXNativeTarget "FutilityTests" */;
			buildPhases = (
				AD255DE616034978007CEDDB /* Sources */,
				AD255DE716034978007CEDDB /* Frameworks */,
				AD255DE816034978007CEDDB /* Resources */,
				AD255DE916034978007CEDDB /* ShellScript */,
			);
			buildRules = (
			);
			dependencies = (
				AD255DF016034978007CEDDB /* PBXTargetDependency */,
			);
			name = FutilityTests;
			productName = FutilityTests;
			productReference = AD255DEB16034978007CEDDB /* FutilityTests.xctest */;
			productType = "com.apple.product-type.bundle.unit-test";
		};
/* End PBXNativeTarget section */

/* Begin PBXProject section */
		AD255D98160348DC007CEDDB /* Project object */ = {
			isa = PBXProject;
			attributes = {
				CLASSPREFIX = FK;
				LastTestingUpgradeCheck = 0610;
				LastUpgradeCheck = 0610;
				ORGANIZATIONNAME = Futurice;
			};
			buildConfigurationList = AD255D9B160348DC007CEDDB /* Build configuration list for PBXProject "Futility" */;
			compatibilityVersion = "Xcode 3.2";
			developmentRegion = English;
			hasScannedForEncodings = 0;
			knownRegions = (
				en,
			);
			mainGroup = AD255D96160348DC007CEDDB;
			productRefGroup = AD255DA2160348DC007CEDDB /* Products */;
			projectDirPath = "";
			projectRoot = "";
			targets = (
				AD255DDC16034978007CEDDB /* Futility */,
				AD255DEA16034978007CEDDB /* FutilityTests */,
			);
		};
/* End PBXProject section */

/* Begin PBXResourcesBuildPhase section */
		AD255DE816034978007CEDDB /* Resources */ = {
			isa = PBXResourcesBuildPhase;
			buildActionMask = 2147483647;
			files = (
				AD255DF716034978007CEDDB /* InfoPlist.strings in Resources */,
			);
			runOnlyForDeploymentPostprocessing = 0;
		};
/* End PBXResourcesBuildPhase section */

/* Begin PBXShellScriptBuildPhase section */
		AD255DE916034978007CEDDB /* ShellScript */ = {
			isa = PBXShellScriptBuildPhase;
			buildActionMask = 2147483647;
			files = (
			);
			inputPaths = (
			);
			outputPaths = (
			);
			runOnlyForDeploymentPostprocessing = 0;
			shellPath = /bin/sh;
			shellScript = "# Run the unit tests in this test bundle.\n\"${SYSTEM_DEVELOPER_DIR}/Tools/RunUnitTests\"\n";
		};
/* End PBXShellScriptBuildPhase section */

/* Begin PBXSourcesBuildPhase section */
		AD255DD916034978007CEDDB /* Sources */ = {
			isa = PBXSourcesBuildPhase;
			buildActionMask = 2147483647;
			files = (
				AD255E0A160349FE007CEDDB /* DeviceCapabilities.m in Sources */,
				AD255E0C160349FE007CEDDB /* UIAlertView+FKBlocks.m in Sources */,
				88D5CAC21604E78800B7CBD7 /* NSArray+FKBinarySearch.m in Sources */,
				A459A97C1631573900D88254 /* NSString+FKPhoneNumbers.m in Sources */,
				A4EA32E01679FF0300332885 /* FKThirdPartyApps.m in Sources */,
				C9F0FC3416E9FEDB0059531C /* FKCollectionsExtensions.m in Sources */,
				A43AA7B016FA0D2100912B00 /* UIActionSheet+FKBlocks.m in Sources */,
				A4A7C0781701E27F008A40FA /* UIView+FKKeyboard.m in Sources */,
				A4D4435B17A26B8F00F3DF5D /* FKDigitSpinnerView.m in Sources */,
				A4D4435C17A26B8F00F3DF5D /* FKNumberSpinnerView.m in Sources */,
				A4D4435D17A26B8F00F3DF5D /* UIApplication+FKFileSystemPaths.m in Sources */,
				A4D4435E17A26B8F00F3DF5D /* UIView+FKGeometry.m in Sources */,
				A4D4435F17A26B8F00F3DF5D /* UIViewController+FKSplashScreenAnimation.m in Sources */,
			);
			runOnlyForDeploymentPostprocessing = 0;
		};
		AD255DE616034978007CEDDB /* Sources */ = {
			isa = PBXSourcesBuildPhase;
			buildActionMask = 2147483647;
			files = (
				AD255DFA16034978007CEDDB /* FutilityTests.m in Sources */,
				AD255E0F16035F20007CEDDB /* FKCollectionExtensionsTests.m in Sources */,
				88D5CAC61604E7D500B7CBD7 /* NSArray+FKBinarySearchTests.mm in Sources */,
				A459A980163159C500D88254 /* NSString+FKPhoneNumbersTests.m in Sources */,
			);
			runOnlyForDeploymentPostprocessing = 0;
		};
/* End PBXSourcesBuildPhase section */

/* Begin PBXTargetDependency section */
		AD255DF016034978007CEDDB /* PBXTargetDependency */ = {
			isa = PBXTargetDependency;
			target = AD255DDC16034978007CEDDB /* Futility */;
			targetProxy = AD255DEF16034978007CEDDB /* PBXContainerItemProxy */;
		};
/* End PBXTargetDependency section */

/* Begin PBXVariantGroup section */
		AD255DF516034978007CEDDB /* InfoPlist.strings */ = {
			isa = PBXVariantGroup;
			children = (
				AD255DF616034978007CEDDB /* en */,
			);
			name = InfoPlist.strings;
			sourceTree = "<group>";
		};
/* End PBXVariantGroup section */

/* Begin XCBuildConfiguration section */
		AD255DCC160348DC007CEDDB /* Debug */ = {
			isa = XCBuildConfiguration;
			buildSettings = {
				ALWAYS_SEARCH_USER_PATHS = NO;
				CLANG_CXX_LANGUAGE_STANDARD = "gnu++0x";
				CLANG_ENABLE_OBJC_ARC = YES;
				CLANG_WARN_BOOL_CONVERSION = YES;
				CLANG_WARN_CONSTANT_CONVERSION = YES;
				CLANG_WARN_EMPTY_BODY = YES;
				CLANG_WARN_ENUM_CONVERSION = YES;
				CLANG_WARN_INT_CONVERSION = YES;
				CLANG_WARN_UNREACHABLE_CODE = YES;
				CLANG_WARN__DUPLICATE_METHOD_MATCH = YES;
				"CODE_SIGN_IDENTITY[sdk=iphoneos*]" = "iPhone Developer";
				COPY_PHASE_STRIP = NO;
				ENABLE_STRICT_OBJC_MSGSEND = YES;
				GCC_C_LANGUAGE_STANDARD = gnu99;
				GCC_DYNAMIC_NO_PIC = NO;
				GCC_OPTIMIZATION_LEVEL = 0;
				GCC_PREPROCESSOR_DEFINITIONS = (
					"DEBUG=1",
					"$(inherited)",
				);
				GCC_SYMBOLS_PRIVATE_EXTERN = NO;
				GCC_VERSION = com.apple.compilers.llvm.clang.1_0;
				GCC_WARN_64_TO_32_BIT_CONVERSION = YES;
				GCC_WARN_ABOUT_RETURN_TYPE = YES;
				GCC_WARN_UNDECLARED_SELECTOR = YES;
				GCC_WARN_UNINITIALIZED_AUTOS = YES;
				GCC_WARN_UNUSED_FUNCTION = YES;
				GCC_WARN_UNUSED_VARIABLE = YES;
				IPHONEOS_DEPLOYMENT_TARGET = 6.0;
				ONLY_ACTIVE_ARCH = YES;
				SDKROOT = iphoneos;
				TARGETED_DEVICE_FAMILY = "1,2";
			};
			name = Debug;
		};
		AD255DCD160348DC007CEDDB /* Release */ = {
			isa = XCBuildConfiguration;
			buildSettings = {
				ALWAYS_SEARCH_USER_PATHS = NO;
				CLANG_CXX_LANGUAGE_STANDARD = "gnu++0x";
				CLANG_ENABLE_OBJC_ARC = YES;
				CLANG_WARN_BOOL_CONVERSION = YES;
				CLANG_WARN_CONSTANT_CONVERSION = YES;
				CLANG_WARN_EMPTY_BODY = YES;
				CLANG_WARN_ENUM_CONVERSION = YES;
				CLANG_WARN_INT_CONVERSION = YES;
				CLANG_WARN_UNREACHABLE_CODE = YES;
				CLANG_WARN__DUPLICATE_METHOD_MATCH = YES;
				"CODE_SIGN_IDENTITY[sdk=iphoneos*]" = "iPhone Developer";
				COPY_PHASE_STRIP = YES;
				ENABLE_STRICT_OBJC_MSGSEND = YES;
				GCC_C_LANGUAGE_STANDARD = gnu99;
				GCC_VERSION = com.apple.compilers.llvm.clang.1_0;
				GCC_WARN_64_TO_32_BIT_CONVERSION = YES;
				GCC_WARN_ABOUT_RETURN_TYPE = YES;
				GCC_WARN_UNDECLARED_SELECTOR = YES;
				GCC_WARN_UNINITIALIZED_AUTOS = YES;
				GCC_WARN_UNUSED_FUNCTION = YES;
				GCC_WARN_UNUSED_VARIABLE = YES;
				IPHONEOS_DEPLOYMENT_TARGET = 6.0;
				OTHER_CFLAGS = "-DNS_BLOCK_ASSERTIONS=1";
				SDKROOT = iphoneos;
				TARGETED_DEVICE_FAMILY = "1,2";
				VALIDATE_PRODUCT = YES;
			};
			name = Release;
		};
		AD255DFC16034978007CEDDB /* Debug */ = {
			isa = XCBuildConfiguration;
			buildSettings = {
				CLANG_WARN_DEPRECATED_OBJC_IMPLEMENTATIONS = YES;
				CLANG_WARN_DOCUMENTATION_COMMENTS = YES;
				CLANG_WARN_EMPTY_BODY = YES;
				CLANG_WARN_IMPLICIT_SIGN_CONVERSION = YES;
				CLANG_WARN_OBJC_IMPLICIT_RETAIN_SELF = YES;
				CLANG_WARN_SUSPICIOUS_IMPLICIT_CONVERSION = YES;
				DSTROOT = /tmp/Futility.dst;
				FRAMEWORK_SEARCH_PATHS = (
					"$(inherited)",
					"$(DEVELOPER_DIR)/Platforms/iPhoneOS.platform/Developer/Library/Frameworks",
				);
				GCC_PRECOMPILE_PREFIX_HEADER = NO;
				GCC_PREFIX_HEADER = "";
				GCC_TREAT_WARNINGS_AS_ERRORS = YES;
				GCC_WARN_ABOUT_MISSING_NEWLINE = YES;
				GCC_WARN_SHADOW = YES;
				GCC_WARN_SIGN_COMPARE = YES;
				OTHER_LDFLAGS = "-ObjC";
				PRODUCT_NAME = Futility;
				SKIP_INSTALL = YES;
				WARNING_CFLAGS = (
					"-Wall",
					"-Wextra",
					"-Wno-unused-parameter",
					"-Wundef",
					"-Wfloat-equal",
				);
			};
			name = Debug;
		};
		AD255DFD16034978007CEDDB /* Release */ = {
			isa = XCBuildConfiguration;
			buildSettings = {
				CLANG_WARN_DEPRECATED_OBJC_IMPLEMENTATIONS = YES;
				CLANG_WARN_DOCUMENTATION_COMMENTS = YES;
				CLANG_WARN_EMPTY_BODY = YES;
				CLANG_WARN_IMPLICIT_SIGN_CONVERSION = YES;
				CLANG_WARN_OBJC_IMPLICIT_RETAIN_SELF = YES;
				CLANG_WARN_SUSPICIOUS_IMPLICIT_CONVERSION = YES;
				DSTROOT = /tmp/Futility.dst;
				FRAMEWORK_SEARCH_PATHS = (
					"$(inherited)",
					"$(DEVELOPER_DIR)/Platforms/iPhoneOS.platform/Developer/Library/Frameworks",
				);
				GCC_PRECOMPILE_PREFIX_HEADER = NO;
				GCC_PREFIX_HEADER = "";
				GCC_TREAT_WARNINGS_AS_ERRORS = YES;
				GCC_WARN_ABOUT_MISSING_NEWLINE = YES;
				GCC_WARN_SHADOW = YES;
				GCC_WARN_SIGN_COMPARE = YES;
				OTHER_LDFLAGS = "-ObjC";
				PRODUCT_NAME = Futility;
				SKIP_INSTALL = YES;
				WARNING_CFLAGS = (
					"-Wall",
					"-Wextra",
					"-Wno-unused-parameter",
					"-Wundef",
					"-Wfloat-equal",
				);
			};
			name = Release;
		};
		AD255DFF16034978007CEDDB /* Debug */ = {
			isa = XCBuildConfiguration;
			buildSettings = {
				FRAMEWORK_SEARCH_PATHS = (
					"\"$(SDKROOT)/Developer/Library/Frameworks\"",
					"$(inherited)",
					"\"$(DEVELOPER_FRAMEWORKS_DIR)\"",
				);
				GCC_PRECOMPILE_PREFIX_HEADER = NO;
				GCC_PREFIX_HEADER = "";
				INFOPLIST_FILE = "FutilityTests/FutilityTests-Info.plist";
				OTHER_LDFLAGS = "-ObjC";
				PRODUCT_NAME = FutilityTests;
			};
			name = Debug;
		};
		AD255E0016034978007CEDDB /* Release */ = {
			isa = XCBuildConfiguration;
			buildSettings = {
				FRAMEWORK_SEARCH_PATHS = (
					"\"$(SDKROOT)/Developer/Library/Frameworks\"",
					"$(inherited)",
					"\"$(DEVELOPER_FRAMEWORKS_DIR)\"",
				);
				GCC_PRECOMPILE_PREFIX_HEADER = NO;
				GCC_PREFIX_HEADER = "";
				INFOPLIST_FILE = "FutilityTests/FutilityTests-Info.plist";
				OTHER_LDFLAGS = "-ObjC";
				PRODUCT_NAME = FutilityTests;
			};
			name = Release;
		};
/* End XCBuildConfiguration section */

/* Begin XCConfigurationList section */
		AD255D9B160348DC007CEDDB /* Build configuration list for PBXProject "Futility" */ = {
			isa = XCConfigurationList;
			buildConfigurations = (
				AD255DCC160348DC007CEDDB /* Debug */,
				AD255DCD160348DC007CEDDB /* Release */,
			);
			defaultConfigurationIsVisible = 0;
			defaultConfigurationName = Release;
		};
		AD255DFB16034978007CEDDB /* Build configuration list for PBXNativeTarget "Futility" */ = {
			isa = XCConfigurationList;
			buildConfigurations = (
				AD255DFC16034978007CEDDB /* Debug */,
				AD255DFD16034978007CEDDB /* Release */,
			);
			defaultConfigurationIsVisible = 0;
			defaultConfigurationName = Release;
		};
		AD255DFE16034978007CEDDB /* Build configuration list for PBXNativeTarget "FutilityTests" */ = {
			isa = XCConfigurationList;
			buildConfigurations = (
				AD255DFF16034978007CEDDB /* Debug */,
				AD255E0016034978007CEDDB /* Release */,
			);
			defaultConfigurationIsVisible = 0;
			defaultConfigurationName = Release;
		};
/* End XCConfigurationList section */
	};
	rootObject = AD255D98160348DC007CEDDB /* Project object */;
}
